// !$*UTF8*$!
{
	archiveVersion = 1;
	classes = {
	};
	objectVersion = 51;
	objects = {

/* Begin PBXBuildFile section */
		17224DB8C1EE320BAD26070B /* Pods_SurvayAppTests.framework in Frameworks */ = {isa = PBXBuildFile; fileRef = 086F96F1031CDE6AB5F55B27 /* Pods_SurvayAppTests.framework */; };
		243DF97AB2AA3CE4FEF5420C /* SurvayListRouterTest.swift in Sources */ = {isa = PBXBuildFile; fileRef = 47A8C2ED707E45220C515582 /* SurvayListRouterTest.swift */; };
		4EDA5304E814DC2E5D1DB05D /* SurvayListAssemblyTest.swift in Sources */ = {isa = PBXBuildFile; fileRef = 37BBB82656BF70D4B394B72F /* SurvayListAssemblyTest.swift */; };
		6D4B38FBB96C6452CF5D852F /* SurvayListRouter.swift in Sources */ = {isa = PBXBuildFile; fileRef = C9FA847778491C1C01A3A69D /* SurvayListRouter.swift */; };
		6E9C987D2C84645FC6ACAE68 /* SurvayListView.swift in Sources */ = {isa = PBXBuildFile; fileRef = 6362BCFAE78593CC4FF733B3 /* SurvayListView.swift */; };
		8114B29C0203251FFF162EF9 /* SurvayListController.swift in Sources */ = {isa = PBXBuildFile; fileRef = 13D79EFE69802920FF086242 /* SurvayListController.swift */; };
		85C30769D3C453367EAF17B2 /* SurvayListInteractor.swift in Sources */ = {isa = PBXBuildFile; fileRef = BF09038A0D4B4D44B7FFFD3A /* SurvayListInteractor.swift */; };
		A2AFB4FDB09448AA0B0803D2 /* Pods_SurvayApp.framework in Frameworks */ = {isa = PBXBuildFile; fileRef = 74375CF45E6E3922D0308BE7 /* Pods_SurvayApp.framework */; };
		B3E3C8E482C153BF85C6A6A4 /* SurvayListViewControllerTest.swift in Sources */ = {isa = PBXBuildFile; fileRef = F602216FC9B897B5D4868EA2 /* SurvayListViewControllerTest.swift */; };
		B737FC7624C2AE5B0094D24B /* AppDelegate.swift in Sources */ = {isa = PBXBuildFile; fileRef = B737FC7524C2AE5B0094D24B /* AppDelegate.swift */; };
		B737FC7824C2AE5B0094D24B /* SceneDelegate.swift in Sources */ = {isa = PBXBuildFile; fileRef = B737FC7724C2AE5B0094D24B /* SceneDelegate.swift */; };
		B737FC7F24C2AE5F0094D24B /* Assets.xcassets in Resources */ = {isa = PBXBuildFile; fileRef = B737FC7E24C2AE5F0094D24B /* Assets.xcassets */; };
		B737FC9D24C2B0FE0094D24B /* Routers.swift in Sources */ = {isa = PBXBuildFile; fileRef = B737FC9B24C2B0FE0094D24B /* Routers.swift */; };
		B737FC9E24C2B0FE0094D24B /* AnyView.swift in Sources */ = {isa = PBXBuildFile; fileRef = B737FC9C24C2B0FE0094D24B /* AnyView.swift */; };
		B737FCA224C2B1460094D24B /* Localization.swift in Sources */ = {isa = PBXBuildFile; fileRef = B737FCA124C2B1460094D24B /* Localization.swift */; };
		B737FCA524C2B2880094D24B /* Localizable.strings in Resources */ = {isa = PBXBuildFile; fileRef = B737FCA424C2B2870094D24B /* Localizable.strings */; };
		B737FCAC24C2B3E40094D24B /* LaunchScreen.storyboard in Resources */ = {isa = PBXBuildFile; fileRef = B737FC8024C2AE5F0094D24B /* LaunchScreen.storyboard */; };
		B737FCB024C2B6B90094D24B /* DependencyManager.swift in Sources */ = {isa = PBXBuildFile; fileRef = B737FCAF24C2B6B90094D24B /* DependencyManager.swift */; };
		B737FCB424C2B7BF0094D24B /* GeneratedMocks.swift in Sources */ = {isa = PBXBuildFile; fileRef = B737FCB324C2B7BF0094D24B /* GeneratedMocks.swift */; };
		B737FCB724C2B9C40094D24B /* UINavigationControllerMock.swift in Sources */ = {isa = PBXBuildFile; fileRef = B737FCB624C2B9C30094D24B /* UINavigationControllerMock.swift */; };
		DC9F1EF80CA7776E0DBD35DD /* SurvayListAssembly.swift in Sources */ = {isa = PBXBuildFile; fileRef = AB51FEF2775A2A8DC7B3A0E6 /* SurvayListAssembly.swift */; };
		E5757B74821B18A9465CD1A8 /* SurvayListInteractorTest.swift in Sources */ = {isa = PBXBuildFile; fileRef = D76145CAFD00387C1C622100 /* SurvayListInteractorTest.swift */; };
/* End PBXBuildFile section */

/* Begin PBXContainerItemProxy section */
		B737FC8924C2AE5F0094D24B /* PBXContainerItemProxy */ = {
			isa = PBXContainerItemProxy;
			containerPortal = B737FC6A24C2AE5B0094D24B /* Project object */;
			proxyType = 1;
			remoteGlobalIDString = B737FC7124C2AE5B0094D24B;
			remoteInfo = SurvayApp;
		};
/* End PBXContainerItemProxy section */

/* Begin PBXFileReference section */
		086F96F1031CDE6AB5F55B27 /* Pods_SurvayAppTests.framework */ = {isa = PBXFileReference; explicitFileType = wrapper.framework; includeInIndex = 0; path = Pods_SurvayAppTests.framework; sourceTree = BUILT_PRODUCTS_DIR; };
		11EF879B69790B6B47145A81 /* Pods-SurvayApp.release.xcconfig */ = {isa = PBXFileReference; includeInIndex = 1; lastKnownFileType = text.xcconfig; name = "Pods-SurvayApp.release.xcconfig"; path = "Target Support Files/Pods-SurvayApp/Pods-SurvayApp.release.xcconfig"; sourceTree = "<group>"; };
		13D79EFE69802920FF086242 /* SurvayListController.swift */ = {isa = PBXFileReference; includeInIndex = 1; lastKnownFileType = sourcecode.swift; path = SurvayListController.swift; sourceTree = "<group>"; };
		18180ABAA72239AC6E181B6F /* Pods-SurvayAppTests.debug.xcconfig */ = {isa = PBXFileReference; includeInIndex = 1; lastKnownFileType = text.xcconfig; name = "Pods-SurvayAppTests.debug.xcconfig"; path = "Target Support Files/Pods-SurvayAppTests/Pods-SurvayAppTests.debug.xcconfig"; sourceTree = "<group>"; };
		1874FEDACFFE22FEE2C2702D /* Pods-SurvayAppTests.release.xcconfig */ = {isa = PBXFileReference; includeInIndex = 1; lastKnownFileType = text.xcconfig; name = "Pods-SurvayAppTests.release.xcconfig"; path = "Target Support Files/Pods-SurvayAppTests/Pods-SurvayAppTests.release.xcconfig"; sourceTree = "<group>"; };
		2267CB40359E051E5CADCE94 /* Pods-SurvayApp.debug.xcconfig */ = {isa = PBXFileReference; includeInIndex = 1; lastKnownFileType = text.xcconfig; name = "Pods-SurvayApp.debug.xcconfig"; path = "Target Support Files/Pods-SurvayApp/Pods-SurvayApp.debug.xcconfig"; sourceTree = "<group>"; };
		37BBB82656BF70D4B394B72F /* SurvayListAssemblyTest.swift */ = {isa = PBXFileReference; includeInIndex = 1; lastKnownFileType = sourcecode.swift; path = SurvayListAssemblyTest.swift; sourceTree = "<group>"; };
		47A8C2ED707E45220C515582 /* SurvayListRouterTest.swift */ = {isa = PBXFileReference; includeInIndex = 1; lastKnownFileType = sourcecode.swift; path = SurvayListRouterTest.swift; sourceTree = "<group>"; };
		6362BCFAE78593CC4FF733B3 /* SurvayListView.swift */ = {isa = PBXFileReference; includeInIndex = 1; lastKnownFileType = sourcecode.swift; path = SurvayListView.swift; sourceTree = "<group>"; };
		74375CF45E6E3922D0308BE7 /* Pods_SurvayApp.framework */ = {isa = PBXFileReference; explicitFileType = wrapper.framework; includeInIndex = 0; path = Pods_SurvayApp.framework; sourceTree = BUILT_PRODUCTS_DIR; };
		AB51FEF2775A2A8DC7B3A0E6 /* SurvayListAssembly.swift */ = {isa = PBXFileReference; includeInIndex = 1; lastKnownFileType = sourcecode.swift; path = SurvayListAssembly.swift; sourceTree = "<group>"; };
		B737FC7224C2AE5B0094D24B /* SurvayApp.app */ = {isa = PBXFileReference; explicitFileType = wrapper.application; includeInIndex = 0; path = SurvayApp.app; sourceTree = BUILT_PRODUCTS_DIR; };
		B737FC7524C2AE5B0094D24B /* AppDelegate.swift */ = {isa = PBXFileReference; lastKnownFileType = sourcecode.swift; path = AppDelegate.swift; sourceTree = "<group>"; };
		B737FC7724C2AE5B0094D24B /* SceneDelegate.swift */ = {isa = PBXFileReference; lastKnownFileType = sourcecode.swift; path = SceneDelegate.swift; sourceTree = "<group>"; };
		B737FC7E24C2AE5F0094D24B /* Assets.xcassets */ = {isa = PBXFileReference; lastKnownFileType = folder.assetcatalog; path = Assets.xcassets; sourceTree = "<group>"; };
		B737FC8124C2AE5F0094D24B /* Base */ = {isa = PBXFileReference; lastKnownFileType = file.storyboard; name = Base; path = Base.lproj/LaunchScreen.storyboard; sourceTree = "<group>"; };
		B737FC8824C2AE5F0094D24B /* SurvayAppTests.xctest */ = {isa = PBXFileReference; explicitFileType = wrapper.cfbundle; includeInIndex = 0; path = SurvayAppTests.xctest; sourceTree = BUILT_PRODUCTS_DIR; };
		B737FC8E24C2AE5F0094D24B /* Info.plist */ = {isa = PBXFileReference; lastKnownFileType = text.plist.xml; path = Info.plist; sourceTree = "<group>"; };
		B737FC9B24C2B0FE0094D24B /* Routers.swift */ = {isa = PBXFileReference; fileEncoding = 4; lastKnownFileType = sourcecode.swift; path = Routers.swift; sourceTree = "<group>"; };
		B737FC9C24C2B0FE0094D24B /* AnyView.swift */ = {isa = PBXFileReference; fileEncoding = 4; lastKnownFileType = sourcecode.swift; path = AnyView.swift; sourceTree = "<group>"; };
		B737FCA124C2B1460094D24B /* Localization.swift */ = {isa = PBXFileReference; lastKnownFileType = sourcecode.swift; path = Localization.swift; sourceTree = "<group>"; };
		B737FCA424C2B2870094D24B /* Localizable.strings */ = {isa = PBXFileReference; fileEncoding = 4; lastKnownFileType = text.plist.strings; path = Localizable.strings; sourceTree = "<group>"; };
		B737FCAA24C2B3B10094D24B /* Info.plist */ = {isa = PBXFileReference; fileEncoding = 4; lastKnownFileType = text.plist.xml; path = Info.plist; sourceTree = "<group>"; };
		B737FCAF24C2B6B90094D24B /* DependencyManager.swift */ = {isa = PBXFileReference; fileEncoding = 4; lastKnownFileType = sourcecode.swift; path = DependencyManager.swift; sourceTree = "<group>"; };
		B737FCB324C2B7BF0094D24B /* GeneratedMocks.swift */ = {isa = PBXFileReference; fileEncoding = 4; lastKnownFileType = sourcecode.swift; path = GeneratedMocks.swift; sourceTree = "<group>"; };
		B737FCB624C2B9C30094D24B /* UINavigationControllerMock.swift */ = {isa = PBXFileReference; fileEncoding = 4; lastKnownFileType = sourcecode.swift; path = UINavigationControllerMock.swift; sourceTree = "<group>"; };
		BF09038A0D4B4D44B7FFFD3A /* SurvayListInteractor.swift */ = {isa = PBXFileReference; includeInIndex = 1; lastKnownFileType = sourcecode.swift; path = SurvayListInteractor.swift; sourceTree = "<group>"; };
		C9FA847778491C1C01A3A69D /* SurvayListRouter.swift */ = {isa = PBXFileReference; includeInIndex = 1; lastKnownFileType = sourcecode.swift; path = SurvayListRouter.swift; sourceTree = "<group>"; };
		D76145CAFD00387C1C622100 /* SurvayListInteractorTest.swift */ = {isa = PBXFileReference; includeInIndex = 1; lastKnownFileType = sourcecode.swift; path = SurvayListInteractorTest.swift; sourceTree = "<group>"; };
		F602216FC9B897B5D4868EA2 /* SurvayListViewControllerTest.swift */ = {isa = PBXFileReference; includeInIndex = 1; lastKnownFileType = sourcecode.swift; path = SurvayListViewControllerTest.swift; sourceTree = "<group>"; };
/* End PBXFileReference section */

/* Begin PBXFrameworksBuildPhase section */
		B737FC6F24C2AE5B0094D24B /* Frameworks */ = {
			isa = PBXFrameworksBuildPhase;
			buildActionMask = 2147483647;
			files = (
				A2AFB4FDB09448AA0B0803D2 /* Pods_SurvayApp.framework in Frameworks */,
			);
			runOnlyForDeploymentPostprocessing = 0;
		};
		B737FC8524C2AE5F0094D24B /* Frameworks */ = {
			isa = PBXFrameworksBuildPhase;
			buildActionMask = 2147483647;
			files = (
				17224DB8C1EE320BAD26070B /* Pods_SurvayAppTests.framework in Frameworks */,
			);
			runOnlyForDeploymentPostprocessing = 0;
		};
/* End PBXFrameworksBuildPhase section */

/* Begin PBXGroup section */
		4C80230316F7FAC768624DAC /* Pods */ = {
			isa = PBXGroup;
			children = (
				2267CB40359E051E5CADCE94 /* Pods-SurvayApp.debug.xcconfig */,
				11EF879B69790B6B47145A81 /* Pods-SurvayApp.release.xcconfig */,
				18180ABAA72239AC6E181B6F /* Pods-SurvayAppTests.debug.xcconfig */,
				1874FEDACFFE22FEE2C2702D /* Pods-SurvayAppTests.release.xcconfig */,
			);
			path = Pods;
			sourceTree = "<group>";
		};
		5A3A40BA177E97E3C9F0A4EB /* Modules */ = {
			isa = PBXGroup;
			children = (
				851D09E0C6DC2AB6FBB69938 /* SurvayList */,
			);
			path = Modules;
			sourceTree = "<group>";
		};
		851D09E0C6DC2AB6FBB69938 /* SurvayList */ = {
			isa = PBXGroup;
			children = (
				37BBB82656BF70D4B394B72F /* SurvayListAssemblyTest.swift */,
				D76145CAFD00387C1C622100 /* SurvayListInteractorTest.swift */,
				47A8C2ED707E45220C515582 /* SurvayListRouterTest.swift */,
				F602216FC9B897B5D4868EA2 /* SurvayListViewControllerTest.swift */,
			);
			path = SurvayList;
			sourceTree = "<group>";
		};
		A7AA10952523CAD36638F577 /* Frameworks */ = {
			isa = PBXGroup;
			children = (
				74375CF45E6E3922D0308BE7 /* Pods_SurvayApp.framework */,
				086F96F1031CDE6AB5F55B27 /* Pods_SurvayAppTests.framework */,
			);
			name = Frameworks;
			sourceTree = "<group>";
		};
		B737FC6924C2AE5B0094D24B = {
			isa = PBXGroup;
			children = (
				B737FCB924C2BB990094D24B /* HTTPClient */,
				B737FC9F24C2B1120094D24B /* AppDelegate */,
				B737FCA924C2B3B10094D24B /* Config */,
				A7AA10952523CAD36638F577 /* Frameworks */,
				B737FCA024C2B1330094D24B /* Localization */,
				B737FC9A24C2B0FE0094D24B /* Misc */,
				4C80230316F7FAC768624DAC /* Pods */,
				B737FC7324C2AE5B0094D24B /* Products */,
				B737FC9824C2B0720094D24B /* Resources */,
				B737FC7424C2AE5B0094D24B /* SurvayApp */,
				B737FC8B24C2AE5F0094D24B /* SurvayAppTests */,
			);
			sourceTree = "<group>";
		};
		B737FC7324C2AE5B0094D24B /* Products */ = {
			isa = PBXGroup;
			children = (
				B737FC7224C2AE5B0094D24B /* SurvayApp.app */,
				B737FC8824C2AE5F0094D24B /* SurvayAppTests.xctest */,
			);
			name = Products;
			sourceTree = "<group>";
		};
		B737FC7424C2AE5B0094D24B /* SurvayApp */ = {
			isa = PBXGroup;
			children = (
				C4A5D51E84A4B3B8475BD660 /* Modules */,
			);
			path = SurvayApp;
			sourceTree = "<group>";
		};
		B737FC8B24C2AE5F0094D24B /* SurvayAppTests */ = {
			isa = PBXGroup;
			children = (
				B737FCB524C2B9C30094D24B /* Shared Mocks */,
				5A3A40BA177E97E3C9F0A4EB /* Modules */,
				B737FCB124C2B7BF0094D24B /* Test */,
				B737FC8E24C2AE5F0094D24B /* Info.plist */,
			);
			path = SurvayAppTests;
			sourceTree = "<group>";
		};
		B737FC9824C2B0720094D24B /* Resources */ = {
			isa = PBXGroup;
			children = (
				B737FC7E24C2AE5F0094D24B /* Assets.xcassets */,
				B737FC8024C2AE5F0094D24B /* LaunchScreen.storyboard */,
				B737FCA424C2B2870094D24B /* Localizable.strings */,
			);
			name = Resources;
			path = SurvayApp/Resources;
			sourceTree = "<group>";
		};
		B737FC9A24C2B0FE0094D24B /* Misc */ = {
			isa = PBXGroup;
			children = (
				B737FC9C24C2B0FE0094D24B /* AnyView.swift */,
				B737FC9B24C2B0FE0094D24B /* Routers.swift */,
			);
			name = Misc;
			path = SurvayApp/Misc;
			sourceTree = "<group>";
		};
		B737FC9F24C2B1120094D24B /* AppDelegate */ = {
			isa = PBXGroup;
			children = (
				B737FC7524C2AE5B0094D24B /* AppDelegate.swift */,
				B737FC7724C2AE5B0094D24B /* SceneDelegate.swift */,
			);
			name = AppDelegate;
			path = SurvayApp/AppDelegate;
			sourceTree = "<group>";
		};
		B737FCA024C2B1330094D24B /* Localization */ = {
			isa = PBXGroup;
			children = (
				B737FCA124C2B1460094D24B /* Localization.swift */,
			);
			name = Localization;
			path = SurvayApp/Localization;
			sourceTree = "<group>";
		};
		B737FCA924C2B3B10094D24B /* Config */ = {
			isa = PBXGroup;
			children = (
				B737FCAA24C2B3B10094D24B /* Info.plist */,
			);
			path = Config;
			sourceTree = "<group>";
		};
		B737FCAD24C2B6B90094D24B /* App */ = {
			isa = PBXGroup;
			children = (
				B737FCAE24C2B6B90094D24B /* AppAssembly */,
			);
			path = App;
			sourceTree = "<group>";
		};
		B737FCAE24C2B6B90094D24B /* AppAssembly */ = {
			isa = PBXGroup;
			children = (
				B737FCAF24C2B6B90094D24B /* DependencyManager.swift */,
			);
			path = AppAssembly;
			sourceTree = "<group>";
		};
		B737FCB124C2B7BF0094D24B /* Test */ = {
			isa = PBXGroup;
			children = (
				B737FCB224C2B7BF0094D24B /* Generated */,
			);
			path = Test;
			sourceTree = SOURCE_ROOT;
		};
		B737FCB224C2B7BF0094D24B /* Generated */ = {
			isa = PBXGroup;
			children = (
				B737FCB324C2B7BF0094D24B /* GeneratedMocks.swift */,
			);
			path = Generated;
			sourceTree = "<group>";
		};
		B737FCB524C2B9C30094D24B /* Shared Mocks */ = {
			isa = PBXGroup;
			children = (
				B737FCB624C2B9C30094D24B /* UINavigationControllerMock.swift */,
			);
			path = "Shared Mocks";
			sourceTree = "<group>";
		};
		B737FCB924C2BB990094D24B /* HTTPClient */ = {
			isa = PBXGroup;
			children = (
			);
			path = HTTPClient;
			sourceTree = "<group>";
		};
		C43D954FE07A03D0978139FA /* SurvayList */ = {
			isa = PBXGroup;
			children = (
				AB51FEF2775A2A8DC7B3A0E6 /* SurvayListAssembly.swift */,
				13D79EFE69802920FF086242 /* SurvayListController.swift */,
				BF09038A0D4B4D44B7FFFD3A /* SurvayListInteractor.swift */,
				C9FA847778491C1C01A3A69D /* SurvayListRouter.swift */,
				6362BCFAE78593CC4FF733B3 /* SurvayListView.swift */,
			);
			path = SurvayList;
			sourceTree = "<group>";
		};
		C4A5D51E84A4B3B8475BD660 /* Modules */ = {
			isa = PBXGroup;
			children = (
				B737FCAD24C2B6B90094D24B /* App */,
				C43D954FE07A03D0978139FA /* SurvayList */,
			);
			path = Modules;
			sourceTree = "<group>";
		};
/* End PBXGroup section */

/* Begin PBXNativeTarget section */
		B737FC7124C2AE5B0094D24B /* SurvayApp */ = {
			isa = PBXNativeTarget;
			buildConfigurationList = B737FC9124C2AE5F0094D24B /* Build configuration list for PBXNativeTarget "SurvayApp" */;
			buildPhases = (
				8D2740E4540EE15A50D93155 /* [CP] Check Pods Manifest.lock */,
				B737FC6E24C2AE5B0094D24B /* Sources */,
				B737FC6F24C2AE5B0094D24B /* Frameworks */,
				B737FC7024C2AE5B0094D24B /* Resources */,
				7CCB72669D2E45540274B818 /* [CP] Embed Pods Frameworks */,
			);
			buildRules = (
			);
			dependencies = (
			);
			name = SurvayApp;
			productName = SurvayApp;
			productReference = B737FC7224C2AE5B0094D24B /* SurvayApp.app */;
			productType = "com.apple.product-type.application";
		};
		B737FC8724C2AE5F0094D24B /* SurvayAppTests */ = {
			isa = PBXNativeTarget;
			buildConfigurationList = B737FC9424C2AE5F0094D24B /* Build configuration list for PBXNativeTarget "SurvayAppTests" */;
			buildPhases = (
				B737FCB824C2BA930094D24B /* Cuckoo Mocks */,
				A119A1B25B260BA5082F5BBF /* [CP] Check Pods Manifest.lock */,
				B737FC8424C2AE5F0094D24B /* Sources */,
				B737FC8524C2AE5F0094D24B /* Frameworks */,
				B737FC8624C2AE5F0094D24B /* Resources */,
				395C353A3CB0E19B530A0B60 /* [CP] Embed Pods Frameworks */,
			);
			buildRules = (
			);
			dependencies = (
				B737FC8A24C2AE5F0094D24B /* PBXTargetDependency */,
			);
			name = SurvayAppTests;
			productName = SurvayAppTests;
			productReference = B737FC8824C2AE5F0094D24B /* SurvayAppTests.xctest */;
			productType = "com.apple.product-type.bundle.unit-test";
		};
/* End PBXNativeTarget section */

/* Begin PBXProject section */
		B737FC6A24C2AE5B0094D24B /* Project object */ = {
			isa = PBXProject;
			attributes = {
				LastSwiftUpdateCheck = 1120;
				LastUpgradeCheck = 1120;
				ORGANIZATIONNAME = "Mohit Kumar";
				TargetAttributes = {
					B737FC7124C2AE5B0094D24B = {
						CreatedOnToolsVersion = 11.2;
					};
					B737FC8724C2AE5F0094D24B = {
						CreatedOnToolsVersion = 11.2;
						TestTargetID = B737FC7124C2AE5B0094D24B;
					};
				};
			};
			buildConfigurationList = B737FC6D24C2AE5B0094D24B /* Build configuration list for PBXProject "SurvayApp" */;
			compatibilityVersion = "Xcode 9.3";
			developmentRegion = en;
			hasScannedForEncodings = 0;
			knownRegions = (
				en,
				Base,
			);
			mainGroup = B737FC6924C2AE5B0094D24B;
			productRefGroup = B737FC7324C2AE5B0094D24B /* Products */;
			projectDirPath = "";
			projectRoot = "";
			targets = (
				B737FC7124C2AE5B0094D24B /* SurvayApp */,
				B737FC8724C2AE5F0094D24B /* SurvayAppTests */,
			);
		};
/* End PBXProject section */

/* Begin PBXResourcesBuildPhase section */
		B737FC7024C2AE5B0094D24B /* Resources */ = {
			isa = PBXResourcesBuildPhase;
			buildActionMask = 2147483647;
			files = (
				B737FC7F24C2AE5F0094D24B /* Assets.xcassets in Resources */,
				B737FCAC24C2B3E40094D24B /* LaunchScreen.storyboard in Resources */,
				B737FCA524C2B2880094D24B /* Localizable.strings in Resources */,
			);
			runOnlyForDeploymentPostprocessing = 0;
		};
		B737FC8624C2AE5F0094D24B /* Resources */ = {
			isa = PBXResourcesBuildPhase;
			buildActionMask = 2147483647;
			files = (
			);
			runOnlyForDeploymentPostprocessing = 0;
		};
/* End PBXResourcesBuildPhase section */

/* Begin PBXShellScriptBuildPhase section */
		395C353A3CB0E19B530A0B60 /* [CP] Embed Pods Frameworks */ = {
			isa = PBXShellScriptBuildPhase;
			buildActionMask = 2147483647;
			files = (
			);
			inputFileListPaths = (
				"${PODS_ROOT}/Target Support Files/Pods-SurvayAppTests/Pods-SurvayAppTests-frameworks-${CONFIGURATION}-input-files.xcfilelist",
			);
			name = "[CP] Embed Pods Frameworks";
			outputFileListPaths = (
				"${PODS_ROOT}/Target Support Files/Pods-SurvayAppTests/Pods-SurvayAppTests-frameworks-${CONFIGURATION}-output-files.xcfilelist",
			);
			runOnlyForDeploymentPostprocessing = 0;
			shellPath = /bin/sh;
			shellScript = "\"${PODS_ROOT}/Target Support Files/Pods-SurvayAppTests/Pods-SurvayAppTests-frameworks.sh\"\n";
			showEnvVarsInLog = 0;
		};
		7CCB72669D2E45540274B818 /* [CP] Embed Pods Frameworks */ = {
			isa = PBXShellScriptBuildPhase;
			buildActionMask = 2147483647;
			files = (
			);
			inputFileListPaths = (
				"${PODS_ROOT}/Target Support Files/Pods-SurvayApp/Pods-SurvayApp-frameworks-${CONFIGURATION}-input-files.xcfilelist",
			);
			name = "[CP] Embed Pods Frameworks";
			outputFileListPaths = (
				"${PODS_ROOT}/Target Support Files/Pods-SurvayApp/Pods-SurvayApp-frameworks-${CONFIGURATION}-output-files.xcfilelist",
			);
			runOnlyForDeploymentPostprocessing = 0;
			shellPath = /bin/sh;
			shellScript = "\"${PODS_ROOT}/Target Support Files/Pods-SurvayApp/Pods-SurvayApp-frameworks.sh\"\n";
			showEnvVarsInLog = 0;
		};
		8D2740E4540EE15A50D93155 /* [CP] Check Pods Manifest.lock */ = {
			isa = PBXShellScriptBuildPhase;
			buildActionMask = 2147483647;
			files = (
			);
			inputFileListPaths = (
			);
			inputPaths = (
				"${PODS_PODFILE_DIR_PATH}/Podfile.lock",
				"${PODS_ROOT}/Manifest.lock",
			);
			name = "[CP] Check Pods Manifest.lock";
			outputFileListPaths = (
			);
			outputPaths = (
				"$(DERIVED_FILE_DIR)/Pods-SurvayApp-checkManifestLockResult.txt",
			);
			runOnlyForDeploymentPostprocessing = 0;
			shellPath = /bin/sh;
			shellScript = "diff \"${PODS_PODFILE_DIR_PATH}/Podfile.lock\" \"${PODS_ROOT}/Manifest.lock\" > /dev/null\nif [ $? != 0 ] ; then\n    # print error to STDERR\n    echo \"error: The sandbox is not in sync with the Podfile.lock. Run 'pod install' or update your CocoaPods installation.\" >&2\n    exit 1\nfi\n# This output is used by Xcode 'outputs' to avoid re-running this script phase.\necho \"SUCCESS\" > \"${SCRIPT_OUTPUT_FILE_0}\"\n";
			showEnvVarsInLog = 0;
		};
		A119A1B25B260BA5082F5BBF /* [CP] Check Pods Manifest.lock */ = {
			isa = PBXShellScriptBuildPhase;
			buildActionMask = 2147483647;
			files = (
			);
			inputFileListPaths = (
			);
			inputPaths = (
				"${PODS_PODFILE_DIR_PATH}/Podfile.lock",
				"${PODS_ROOT}/Manifest.lock",
			);
			name = "[CP] Check Pods Manifest.lock";
			outputFileListPaths = (
			);
			outputPaths = (
				"$(DERIVED_FILE_DIR)/Pods-SurvayAppTests-checkManifestLockResult.txt",
			);
			runOnlyForDeploymentPostprocessing = 0;
			shellPath = /bin/sh;
			shellScript = "diff \"${PODS_PODFILE_DIR_PATH}/Podfile.lock\" \"${PODS_ROOT}/Manifest.lock\" > /dev/null\nif [ $? != 0 ] ; then\n    # print error to STDERR\n    echo \"error: The sandbox is not in sync with the Podfile.lock. Run 'pod install' or update your CocoaPods installation.\" >&2\n    exit 1\nfi\n# This output is used by Xcode 'outputs' to avoid re-running this script phase.\necho \"SUCCESS\" > \"${SCRIPT_OUTPUT_FILE_0}\"\n";
			showEnvVarsInLog = 0;
		};
		B737FCB824C2BA930094D24B /* Cuckoo Mocks */ = {
			isa = PBXShellScriptBuildPhase;
			buildActionMask = 2147483647;
			files = (
			);
			inputFileListPaths = (
				"$(SRCROOT)/Scripts/CuckooInputFiles.xcfilelist",
			);
			inputPaths = (
			);
			name = "Cuckoo Mocks";
			outputFileListPaths = (
			);
			outputPaths = (
				"${SRCROOT}/Test/Generated/GeneratedMocks.swift",
			);
			runOnlyForDeploymentPostprocessing = 0;
			shellPath = /bin/sh;
			shellScript = "echo \"Generated Mocks File = ${SCRIPT_OUTPUT_FILE_0}\"\necho \"Input Files to Generate Mocks = `< ${SCRIPT_INPUT_FILE_LIST_0}`\"\n\n# Generate mock file\n\"${PODS_ROOT}/Cuckoo/run\" generate --no-timestamp --no-class-mocking --testable \"SurvayApp\" \\\n--output \"${SCRIPT_OUTPUT_FILE_0}\" \\\n`< ${SCRIPT_INPUT_FILE_LIST_0}`\n";
		};
/* End PBXShellScriptBuildPhase section */

/* Begin PBXSourcesBuildPhase section */
		B737FC6E24C2AE5B0094D24B /* Sources */ = {
			isa = PBXSourcesBuildPhase;
			buildActionMask = 2147483647;
			files = (
				B737FC9E24C2B0FE0094D24B /* AnyView.swift in Sources */,
				B737FC7624C2AE5B0094D24B /* AppDelegate.swift in Sources */,
				B737FCB024C2B6B90094D24B /* DependencyManager.swift in Sources */,
				B737FCA224C2B1460094D24B /* Localization.swift in Sources */,
				B737FC9D24C2B0FE0094D24B /* Routers.swift in Sources */,
				B737FC7824C2AE5B0094D24B /* SceneDelegate.swift in Sources */,
				DC9F1EF80CA7776E0DBD35DD /* SurvayListAssembly.swift in Sources */,
				8114B29C0203251FFF162EF9 /* SurvayListController.swift in Sources */,
				85C30769D3C453367EAF17B2 /* SurvayListInteractor.swift in Sources */,
				6D4B38FBB96C6452CF5D852F /* SurvayListRouter.swift in Sources */,
				6E9C987D2C84645FC6ACAE68 /* SurvayListView.swift in Sources */,
			);
			runOnlyForDeploymentPostprocessing = 0;
		};
		B737FC8424C2AE5F0094D24B /* Sources */ = {
			isa = PBXSourcesBuildPhase;
			buildActionMask = 2147483647;
			files = (
				B737FCB424C2B7BF0094D24B /* GeneratedMocks.swift in Sources */,
				4EDA5304E814DC2E5D1DB05D /* SurvayListAssemblyTest.swift in Sources */,
				E5757B74821B18A9465CD1A8 /* SurvayListInteractorTest.swift in Sources */,
				243DF97AB2AA3CE4FEF5420C /* SurvayListRouterTest.swift in Sources */,
				B737FCB724C2B9C40094D24B /* UINavigationControllerMock.swift in Sources */,
				B3E3C8E482C153BF85C6A6A4 /* SurvayListViewControllerTest.swift in Sources */,
			);
			runOnlyForDeploymentPostprocessing = 0;
		};
/* End PBXSourcesBuildPhase section */

/* Begin PBXTargetDependency section */
		B737FC8A24C2AE5F0094D24B /* PBXTargetDependency */ = {
			isa = PBXTargetDependency;
			target = B737FC7124C2AE5B0094D24B /* SurvayApp */;
			targetProxy = B737FC8924C2AE5F0094D24B /* PBXContainerItemProxy */;
		};
/* End PBXTargetDependency section */

/* Begin PBXVariantGroup section */
		B737FC8024C2AE5F0094D24B /* LaunchScreen.storyboard */ = {
			isa = PBXVariantGroup;
			children = (
				B737FC8124C2AE5F0094D24B /* Base */,
			);
			name = LaunchScreen.storyboard;
			sourceTree = "<group>";
		};
/* End PBXVariantGroup section */

/* Begin XCBuildConfiguration section */
		B737FC8F24C2AE5F0094D24B /* Debug */ = {
			isa = XCBuildConfiguration;
			buildSettings = {
				ALWAYS_SEARCH_USER_PATHS = NO;
				CLANG_ANALYZER_NONNULL = YES;
				CLANG_ANALYZER_NUMBER_OBJECT_CONVERSION = YES_AGGRESSIVE;
				CLANG_CXX_LANGUAGE_STANDARD = "gnu++14";
				CLANG_CXX_LIBRARY = "libc++";
				CLANG_ENABLE_MODULES = YES;
				CLANG_ENABLE_OBJC_ARC = YES;
				CLANG_ENABLE_OBJC_WEAK = YES;
				CLANG_WARN_BLOCK_CAPTURE_AUTORELEASING = YES;
				CLANG_WARN_BOOL_CONVERSION = YES;
				CLANG_WARN_COMMA = YES;
				CLANG_WARN_CONSTANT_CONVERSION = YES;
				CLANG_WARN_DEPRECATED_OBJC_IMPLEMENTATIONS = YES;
				CLANG_WARN_DIRECT_OBJC_ISA_USAGE = YES_ERROR;
				CLANG_WARN_DOCUMENTATION_COMMENTS = YES;
				CLANG_WARN_EMPTY_BODY = YES;
				CLANG_WARN_ENUM_CONVERSION = YES;
				CLANG_WARN_INFINITE_RECURSION = YES;
				CLANG_WARN_INT_CONVERSION = YES;
				CLANG_WARN_NON_LITERAL_NULL_CONVERSION = YES;
				CLANG_WARN_OBJC_IMPLICIT_RETAIN_SELF = YES;
				CLANG_WARN_OBJC_LITERAL_CONVERSION = YES;
				CLANG_WARN_OBJC_ROOT_CLASS = YES_ERROR;
				CLANG_WARN_RANGE_LOOP_ANALYSIS = YES;
				CLANG_WARN_STRICT_PROTOTYPES = YES;
				CLANG_WARN_SUSPICIOUS_MOVE = YES;
				CLANG_WARN_UNGUARDED_AVAILABILITY = YES_AGGRESSIVE;
				CLANG_WARN_UNREACHABLE_CODE = YES;
				CLANG_WARN__DUPLICATE_METHOD_MATCH = YES;
				COPY_PHASE_STRIP = NO;
				DEBUG_INFORMATION_FORMAT = dwarf;
				ENABLE_STRICT_OBJC_MSGSEND = YES;
				ENABLE_TESTABILITY = YES;
				GCC_C_LANGUAGE_STANDARD = gnu11;
				GCC_DYNAMIC_NO_PIC = NO;
				GCC_NO_COMMON_BLOCKS = YES;
				GCC_OPTIMIZATION_LEVEL = 0;
				GCC_PREPROCESSOR_DEFINITIONS = (
					"DEBUG=1",
					"$(inherited)",
				);
				GCC_WARN_64_TO_32_BIT_CONVERSION = YES;
				GCC_WARN_ABOUT_RETURN_TYPE = YES_ERROR;
				GCC_WARN_UNDECLARED_SELECTOR = YES;
				GCC_WARN_UNINITIALIZED_AUTOS = YES_AGGRESSIVE;
				GCC_WARN_UNUSED_FUNCTION = YES;
				GCC_WARN_UNUSED_VARIABLE = YES;
				IPHONEOS_DEPLOYMENT_TARGET = 13.2;
				MTL_ENABLE_DEBUG_INFO = INCLUDE_SOURCE;
				MTL_FAST_MATH = YES;
				ONLY_ACTIVE_ARCH = YES;
				SDKROOT = iphoneos;
				SWIFT_ACTIVE_COMPILATION_CONDITIONS = DEBUG;
				SWIFT_OPTIMIZATION_LEVEL = "-Onone";
			};
			name = Debug;
		};
		B737FC9024C2AE5F0094D24B /* Release */ = {
			isa = XCBuildConfiguration;
			buildSettings = {
				ALWAYS_SEARCH_USER_PATHS = NO;
				CLANG_ANALYZER_NONNULL = YES;
				CLANG_ANALYZER_NUMBER_OBJECT_CONVERSION = YES_AGGRESSIVE;
				CLANG_CXX_LANGUAGE_STANDARD = "gnu++14";
				CLANG_CXX_LIBRARY = "libc++";
				CLANG_ENABLE_MODULES = YES;
				CLANG_ENABLE_OBJC_ARC = YES;
				CLANG_ENABLE_OBJC_WEAK = YES;
				CLANG_WARN_BLOCK_CAPTURE_AUTORELEASING = YES;
				CLANG_WARN_BOOL_CONVERSION = YES;
				CLANG_WARN_COMMA = YES;
				CLANG_WARN_CONSTANT_CONVERSION = YES;
				CLANG_WARN_DEPRECATED_OBJC_IMPLEMENTATIONS = YES;
				CLANG_WARN_DIRECT_OBJC_ISA_USAGE = YES_ERROR;
				CLANG_WARN_DOCUMENTATION_COMMENTS = YES;
				CLANG_WARN_EMPTY_BODY = YES;
				CLANG_WARN_ENUM_CONVERSION = YES;
				CLANG_WARN_INFINITE_RECURSION = YES;
				CLANG_WARN_INT_CONVERSION = YES;
				CLANG_WARN_NON_LITERAL_NULL_CONVERSION = YES;
				CLANG_WARN_OBJC_IMPLICIT_RETAIN_SELF = YES;
				CLANG_WARN_OBJC_LITERAL_CONVERSION = YES;
				CLANG_WARN_OBJC_ROOT_CLASS = YES_ERROR;
				CLANG_WARN_RANGE_LOOP_ANALYSIS = YES;
				CLANG_WARN_STRICT_PROTOTYPES = YES;
				CLANG_WARN_SUSPICIOUS_MOVE = YES;
				CLANG_WARN_UNGUARDED_AVAILABILITY = YES_AGGRESSIVE;
				CLANG_WARN_UNREACHABLE_CODE = YES;
				CLANG_WARN__DUPLICATE_METHOD_MATCH = YES;
				COPY_PHASE_STRIP = NO;
				DEBUG_INFORMATION_FORMAT = "dwarf-with-dsym";
				ENABLE_NS_ASSERTIONS = NO;
				ENABLE_STRICT_OBJC_MSGSEND = YES;
				GCC_C_LANGUAGE_STANDARD = gnu11;
				GCC_NO_COMMON_BLOCKS = YES;
				GCC_WARN_64_TO_32_BIT_CONVERSION = YES;
				GCC_WARN_ABOUT_RETURN_TYPE = YES_ERROR;
				GCC_WARN_UNDECLARED_SELECTOR = YES;
				GCC_WARN_UNINITIALIZED_AUTOS = YES_AGGRESSIVE;
				GCC_WARN_UNUSED_FUNCTION = YES;
				GCC_WARN_UNUSED_VARIABLE = YES;
				IPHONEOS_DEPLOYMENT_TARGET = 13.2;
				MTL_ENABLE_DEBUG_INFO = NO;
				MTL_FAST_MATH = YES;
				SDKROOT = iphoneos;
				SWIFT_COMPILATION_MODE = wholemodule;
				SWIFT_OPTIMIZATION_LEVEL = "-O";
				VALIDATE_PRODUCT = YES;
			};
			name = Release;
		};
		B737FC9224C2AE5F0094D24B /* Debug */ = {
			isa = XCBuildConfiguration;
			baseConfigurationReference = 2267CB40359E051E5CADCE94 /* Pods-SurvayApp.debug.xcconfig */;
			buildSettings = {
				ASSETCATALOG_COMPILER_APPICON_NAME = AppIcon;
				CODE_SIGN_STYLE = Automatic;
				INFOPLIST_FILE = Config/Info.plist;
				LD_RUNPATH_SEARCH_PATHS = (
					"$(inherited)",
					"@executable_path/Frameworks",
				);
				PRODUCT_BUNDLE_IDENTIFIER = com.demo.SurvayApp;
				PRODUCT_NAME = "$(TARGET_NAME)";
				SWIFT_VERSION = 5.0;
				TARGETED_DEVICE_FAMILY = "1,2";
			};
			name = Debug;
		};
		B737FC9324C2AE5F0094D24B /* Release */ = {
			isa = XCBuildConfiguration;
			baseConfigurationReference = 11EF879B69790B6B47145A81 /* Pods-SurvayApp.release.xcconfig */;
			buildSettings = {
				ASSETCATALOG_COMPILER_APPICON_NAME = AppIcon;
				CODE_SIGN_STYLE = Automatic;
				INFOPLIST_FILE = Config/Info.plist;
				LD_RUNPATH_SEARCH_PATHS = (
					"$(inherited)",
					"@executable_path/Frameworks",
				);
				PRODUCT_BUNDLE_IDENTIFIER = com.demo.SurvayApp;
				PRODUCT_NAME = "$(TARGET_NAME)";
				SWIFT_VERSION = 5.0;
				TARGETED_DEVICE_FAMILY = "1,2";
			};
			name = Release;
		};
		B737FC9524C2AE5F0094D24B /* Debug */ = {
			isa = XCBuildConfiguration;
			baseConfigurationReference = 18180ABAA72239AC6E181B6F /* Pods-SurvayAppTests.debug.xcconfig */;
			buildSettings = {
				ALWAYS_EMBED_SWIFT_STANDARD_LIBRARIES = YES;
				BUNDLE_LOADER = "$(TEST_HOST)";
				CODE_SIGN_STYLE = Automatic;
				INFOPLIST_FILE = SurvayAppTests/Info.plist;
				IPHONEOS_DEPLOYMENT_TARGET = 13.2;
				LD_RUNPATH_SEARCH_PATHS = (
					"$(inherited)",
					"@executable_path/Frameworks",
					"@loader_path/Frameworks",
				);
				PRODUCT_BUNDLE_IDENTIFIER = com.demo.SurvayAppTests;
				PRODUCT_NAME = "$(TARGET_NAME)";
				SWIFT_VERSION = 5.0;
				TARGETED_DEVICE_FAMILY = "1,2";
				TEST_HOST = "$(BUILT_PRODUCTS_DIR)/SurvayApp.app/SurvayApp";
			};
			name = Debug;
		};
		B737FC9624C2AE5F0094D24B /* Release */ = {
			isa = XCBuildConfiguration;
			baseConfigurationReference = 1874FEDACFFE22FEE2C2702D /* Pods-SurvayAppTests.release.xcconfig */;
			buildSettings = {
				ALWAYS_EMBED_SWIFT_STANDARD_LIBRARIES = YES;
				BUNDLE_LOADER = "$(TEST_HOST)";
				CODE_SIGN_STYLE = Automatic;
				INFOPLIST_FILE = SurvayAppTests/Info.plist;
				IPHONEOS_DEPLOYMENT_TARGET = 13.2;
				LD_RUNPATH_SEARCH_PATHS = (
					"$(inherited)",
					"@executable_path/Frameworks",
					"@loader_path/Frameworks",
				);
				PRODUCT_BUNDLE_IDENTIFIER = com.demo.SurvayAppTests;
				PRODUCT_NAME = "$(TARGET_NAME)";
				SWIFT_VERSION = 5.0;
				TARGETED_DEVICE_FAMILY = "1,2";
				TEST_HOST = "$(BUILT_PRODUCTS_DIR)/SurvayApp.app/SurvayApp";
			};
			name = Release;
		};
/* End XCBuildConfiguration section */

/* Begin XCConfigurationList section */
		B737FC6D24C2AE5B0094D24B /* Build configuration list for PBXProject "SurvayApp" */ = {
			isa = XCConfigurationList;
			buildConfigurations = (
				B737FC8F24C2AE5F0094D24B /* Debug */,
				B737FC9024C2AE5F0094D24B /* Release */,
			);
			defaultConfigurationIsVisible = 0;
			defaultConfigurationName = Release;
		};
		B737FC9124C2AE5F0094D24B /* Build configuration list for PBXNativeTarget "SurvayApp" */ = {
			isa = XCConfigurationList;
			buildConfigurations = (
				B737FC9224C2AE5F0094D24B /* Debug */,
				B737FC9324C2AE5F0094D24B /* Release */,
			);
			defaultConfigurationIsVisible = 0;
			defaultConfigurationName = Release;
		};
		B737FC9424C2AE5F0094D24B /* Build configuration list for PBXNativeTarget "SurvayAppTests" */ = {
			isa = XCConfigurationList;
			buildConfigurations = (
				B737FC9524C2AE5F0094D24B /* Debug */,
				B737FC9624C2AE5F0094D24B /* Release */,
			);
			defaultConfigurationIsVisible = 0;
			defaultConfigurationName = Release;
		};
/* End XCConfigurationList section */
	};
	rootObject = B737FC6A24C2AE5B0094D24B /* Project object */;
}
